
Microsoft Visual Studio Solution File, Format Version 12.00
# Visual Studio 2015
Project("{FAE04EC0-301F-11D3-BF4B-00C04F79EFBC}") = "KiriKiriTalk", "KiriKiriTalk.csproj", "{BEBF2235-9D4D-7C08-6CA6-D2F29BB28B95}"
EndProject
Project("{FAE04EC0-301F-11D3-BF4B-00C04F79EFBC}") = "KiriKiriTalk.Editor", "KiriKiriTalk.Editor.csproj", "{207FB9F4-0DDC-70C5-47E8-197E02AF6997}"
EndProject
Global
	GlobalSection(SolutionConfigurationPlatforms) = preSolution
		Debug|Any CPU = Debug|Any CPU
		Release|Any CPU = Release|Any CPU
	EndGlobalSection
	GlobalSection(ProjectConfigurationPlatforms) = postSolution
		{BEBF2235-9D4D-7C08-6CA6-D2F29BB28B95}.Debug|Any CPU.ActiveCfg = Debug|Any CPU
		{BEBF2235-9D4D-7C08-6CA6-D2F29BB28B95}.Debug|Any CPU.Build.0 = Debug|Any CPU
		{BEBF2235-9D4D-7C08-6CA6-D2F29BB28B95}.Release|Any CPU.ActiveCfg = Release|Any CPU
		{BEBF2235-9D4D-7C08-6CA6-D2F29BB28B95}.Release|Any CPU.Build.0 = Release|Any CPU
		{207FB9F4-0DDC-70C5-47E8-197E02AF6997}.Debug|Any CPU.ActiveCfg = Debug|Any CPU
		{207FB9F4-0DDC-70C5-47E8-197E02AF6997}.Debug|Any CPU.Build.0 = Debug|Any CPU
		{207FB9F4-0DDC-70C5-47E8-197E02AF6997}.Release|Any CPU.ActiveCfg = Release|Any CPU
		{207FB9F4-0DDC-70C5-47E8-197E02AF6997}.Release|Any CPU.Build.0 = Release|Any CPU
	EndGlobalSection
	GlobalSection(SolutionProperties) = preSolution
		HideSolutionNode = FALSE
	EndGlobalSection
EndGlobal
